
Microsoft Visual Studio Solution File, Format Version 12.00
# Visual Studio 2013
VisualStudioVersion = 12.0.21005.1
MinimumVisualStudioVersion = 10.0.40219.1
Project("{FAE04EC0-301F-11D3-BF4B-00C04F79EFBC}") = "ZHPAT_Test", "ZHPAT_Test\ZHPAT_Test.csproj", "{F1CB936C-D8CF-4895-B8A9-3BF0EB58FC02}"
EndProject
Project("{FAE04EC0-301F-11D3-BF4B-00C04F79EFBC}") = "SerialPortRSTest", "SerialPortRSTest\SerialPortRSTest.csproj", "{87217545-4069-4FF4-B469-4AEE3E04A61E}"
EndProject
Project("{FAE04EC0-301F-11D3-BF4B-00C04F79EFBC}") = "SendMessage", "BitConverterTest\SendMessage.csproj", "{D9FD0078-622A-49CD-A0BC-C7CBD0D69885}"
EndProject
Project("{FAE04EC0-301F-11D3-BF4B-00C04F79EFBC}") = "drawTest", "drawTest\drawTest.csproj", "{DA8E013E-86A6-4D83-8B40-995DE94B4A61}"
EndProject
Project("{FAE04EC0-301F-11D3-BF4B-00C04F79EFBC}") = "EventArgsReferenceChange", "EventArgsReferenceChange\EventArgsReferenceChange.csproj", "{6CD0347F-E974-4072-A263-9942F0228F2C}"
EndProject
Project("{FAE04EC0-301F-11D3-BF4B-00C04F79EFBC}") = "Dispose_Close_Test", "Dispose_Close_Test\Dispose_Close_Test.csproj", "{2EEC24BF-4710-430E-AAE4-7C9BDBE01393}"
EndProject
Project("{FAE04EC0-301F-11D3-BF4B-00C04F79EFBC}") = "StyleTestForm", "StyleTestForm\StyleTestForm.csproj", "{EA06EF27-C3F7-4DC7-B315-3D7B68F3BAFD}"
EndProject
Project("{FAE04EC0-301F-11D3-BF4B-00C04F79EFBC}") = "XMLWriterTest", "XMLWriterTest\XMLWriterTest.csproj", "{8E4C81DF-FC42-40EE-9FBB-906CB909E8BA}"
EndProject
Project("{FAE04EC0-301F-11D3-BF4B-00C04F79EFBC}") = "DragCopyPaste", "DragCopyPaste\DragCopyPaste.csproj", "{A979D454-BA47-4C73-A734-73E98481644B}"
EndProject
Project("{FAE04EC0-301F-11D3-BF4B-00C04F79EFBC}") = "HydralicOpenGL", "HydralicOpenGL\HydralicOpenGL.csproj", "{ACB91E9F-50C9-45D8-A31E-F29A054D34E0}"
EndProject
Project("{FAE04EC0-301F-11D3-BF4B-00C04F79EFBC}") = "SharpGLTextureWinform", "SharpGLTextureWinform\SharpGLTextureWinform.csproj", "{EB0AE544-710E-4E09-975F-156BE68EB2AC}"
EndProject
Project("{FAE04EC0-301F-11D3-BF4B-00C04F79EFBC}") = "WinForm_Test", "WinForm_Test\WinForm_Test.csproj", "{D137550A-A679-4976-9562-393A39DDBC0F}"
EndProject
Project("{FAE04EC0-301F-11D3-BF4B-00C04F79EFBC}") = "sendMessageTestForm2", "sendMessageTestForm2\sendMessageTestForm2\sendMessageTestForm2.csproj", "{BA3ACA84-5328-4EB7-A00A-ACDE9AB53EB8}"
EndProject
Project("{FAE04EC0-301F-11D3-BF4B-00C04F79EFBC}") = "test_LCT", "test_LCT\test_LCT.csproj", "{901C530A-685F-473C-BF63-5D5F12EBD928}"
EndProject
Project("{FAE04EC0-301F-11D3-BF4B-00C04F79EFBC}") = "WindowsFormsApplication1", "WindowsFormsApplication1\WindowsFormsApplication1.csproj", "{A9BD0F22-DC9B-402B-A07B-4748E636F471}"
EndProject
Project("{FAE04EC0-301F-11D3-BF4B-00C04F79EFBC}") = "XML_Test", "XML_Test\XML_Test.csproj", "{D014863C-FF45-4364-927F-B341F1E8B771}"
EndProject
Project("{FAE04EC0-301F-11D3-BF4B-00C04F79EFBC}") = "PictureBox_AVI_Display", "PictureBox_AVI_Display\PictureBox_AVI_Display.csproj", "{BAA6D530-875F-4325-9A61-0FC77546A719}"
EndProject
Project("{FAE04EC0-301F-11D3-BF4B-00C04F79EFBC}") = "ExcelTest", "ExcelTest\ExcelTest.csproj", "{B47B36CF-39F7-4EC2-A396-3B8B1E1B2161}"
EndProject
Project("{FAE04EC0-301F-11D3-BF4B-00C04F79EFBC}") = "QueueTest", "QueueTest\QueueTest.csproj", "{D0DA2C0F-28BD-4BE2-8381-5A90509C4787}"
EndProject
Project("{FAE04EC0-301F-11D3-BF4B-00C04F79EFBC}") = "SameNameVariablesTest", "SameNameVariablesTest\SameNameVariablesTest.csproj", "{18E90D1F-7FEF-49AB-82FD-E9B60F9064C8}"
EndProject
Project("{FAE04EC0-301F-11D3-BF4B-00C04F79EFBC}") = "ref_Variables_Test", "ref_Variables_Test\ref_Variables_Test.csproj", "{E5444394-9FA1-4724-AEB6-3CB186B3CBBF}"
EndProject
Project("{FAE04EC0-301F-11D3-BF4B-00C04F79EFBC}") = "ColorFixTest", "ColorFixTest\ColorFixTest.csproj", "{FC26452E-C911-4E4C-B9DA-0E6806D2C70B}"
EndProject
Project("{FAE04EC0-301F-11D3-BF4B-00C04F79EFBC}") = "XMLReaderTest", "XMLReaderTest\XMLReaderTest.csproj", "{BA4DB739-558D-4F00-BCFC-4E78AF156EE8}"
EndProject
Project("{FAE04EC0-301F-11D3-BF4B-00C04F79EFBC}") = "XMLDocumentTest", "XMLDocumentTest\XMLDocumentTest.csproj", "{1BA8BCD6-C8BD-47F5-81F0-24CD77BCC39A}"
EndProject
Project("{FAE04EC0-301F-11D3-BF4B-00C04F79EFBC}") = "_delegate_Func_Action_Lambda", "_delegate_Func_Action_Lambda\_delegate_Func_Action_Lambda.csproj", "{DF5CC896-1761-48AE-968A-BC64C8DCDE85}"
EndProject
Project("{FAE04EC0-301F-11D3-BF4B-00C04F79EFBC}") = "borderDragMoveTest", "borderDragMoveTest\borderDragMoveTest.csproj", "{B0B3CDDB-BDC8-40BB-9568-4FF24D385235}"
EndProject
Project("{FAE04EC0-301F-11D3-BF4B-00C04F79EFBC}") = "Hook_DeviceChangeNotification", "Hook_DeviceChangeNotification\Hook_DeviceChangeNotification.csproj", "{3E155523-1E4B-41F8-9C54-0CCA88E86DE5}"
EndProject
Project("{FAE04EC0-301F-11D3-BF4B-00C04F79EFBC}") = "Bitmap_Mat_ConvertTest", "Bitmap_Mat_ConvertTest\Bitmap_Mat_ConvertTest.csproj", "{DAB74DF2-FF67-4F1F-AF0E-BA03A882ABB4}"
EndProject
Project("{FAE04EC0-301F-11D3-BF4B-00C04F79EFBC}") = "ConfigFileTest", "ConfigFileTest\ConfigFileTest.csproj", "{23C4CBD0-399B-4598-9707-472326FFC08D}"
EndProject
Project("{FAE04EC0-301F-11D3-BF4B-00C04F79EFBC}") = "SmallTest", "SmallTest\SmallTest.csproj", "{06291338-BC52-4D69-8FE7-A752D914C5CB}"
EndProject
Project("{FAE04EC0-301F-11D3-BF4B-00C04F79EFBC}") = "MonitorInfoTest", "MonitorInfoTest\MonitorInfoTest.csproj", "{2371A4A0-1980-46BE-B727-0BE44A11586F}"
EndProject
Project("{FAE04EC0-301F-11D3-BF4B-00C04F79EFBC}") = "WaitForExitTest", "WaitForExitTest\WaitForExitTest.csproj", "{758A26F2-FE6D-4D06-88E8-40C959302A74}"
EndProject
Project("{FAE04EC0-301F-11D3-BF4B-00C04F79EFBC}") = "InterfacePropertyTest", "InterfacePropertyTest\InterfacePropertyTest.csproj", "{CE7ED507-20D3-43F1-A0A6-C74C0966CC40}"
EndProject
Project("{FAE04EC0-301F-11D3-BF4B-00C04F79EFBC}") = "ThreadMessageBoxTest", "ThreadMessageBoxTest\ThreadMessageBoxTest.csproj", "{C1DE7561-5524-446F-BBA6-F008B6034DAF}"
EndProject
Project("{FAE04EC0-301F-11D3-BF4B-00C04F79EFBC}") = "OperatorOverload", "OperatorOverload\OperatorOverload.csproj", "{8694DE2E-E740-4302-85C2-09A982D71327}"
EndProject
Project("{FAE04EC0-301F-11D3-BF4B-00C04F79EFBC}") = "stringTest", "stringTest\stringTest.csproj", "{CA26FC88-9431-4D34-BF28-7F39585F694D}"
EndProject
Project("{FAE04EC0-301F-11D3-BF4B-00C04F79EFBC}") = "JSONConvertTest", "JSONConvertTest\JSONConvertTest.csproj", "{461A8854-B0E6-46C3-B16A-ED6D0A0D41B0}"
EndProject
Project("{FAE04EC0-301F-11D3-BF4B-00C04F79EFBC}") = "OperationSys", "OperationSys\OperationSys.csproj", "{01BAD95D-3AD3-41B9-9745-EC4DE409C376}"
EndProject
Project("{FAE04EC0-301F-11D3-BF4B-00C04F79EFBC}") = "AddResourceImage", "AddResourceImage\AddResourceImage.csproj", "{8BCD9F70-FA86-4942-BDAD-354B8180C456}"
EndProject
Project("{FAE04EC0-301F-11D3-BF4B-00C04F79EFBC}") = "PropertyGridEventTest", "PropertyGridEventTest\PropertyGridEventTest.csproj", "{1C175073-AB5E-4855-9AAA-2B7F97A2EB12}"
EndProject
Project("{FAE04EC0-301F-11D3-BF4B-00C04F79EFBC}") = "ListBoxBugTEst", "ListBoxBugTEst\ListBoxBugTEst.csproj", "{D94ABEFB-6794-437E-9FB2-E7D569FFFB0C}"
EndProject
Global
	GlobalSection(SolutionConfigurationPlatforms) = preSolution
		Debug|Any CPU = Debug|Any CPU
		Debug|Mixed Platforms = Debug|Mixed Platforms
		Debug|x86 = Debug|x86
		Release|Any CPU = Release|Any CPU
		Release|Mixed Platforms = Release|Mixed Platforms
		Release|x86 = Release|x86
	EndGlobalSection
	GlobalSection(ProjectConfigurationPlatforms) = postSolution
		{F1CB936C-D8CF-4895-B8A9-3BF0EB58FC02}.Debug|Any CPU.ActiveCfg = Debug|x86
		{F1CB936C-D8CF-4895-B8A9-3BF0EB58FC02}.Debug|Mixed Platforms.ActiveCfg = Debug|x86
		{F1CB936C-D8CF-4895-B8A9-3BF0EB58FC02}.Debug|Mixed Platforms.Build.0 = Debug|x86
		{F1CB936C-D8CF-4895-B8A9-3BF0EB58FC02}.Debug|x86.ActiveCfg = Debug|x86
		{F1CB936C-D8CF-4895-B8A9-3BF0EB58FC02}.Debug|x86.Build.0 = Debug|x86
		{F1CB936C-D8CF-4895-B8A9-3BF0EB58FC02}.Release|Any CPU.ActiveCfg = Release|x86
		{F1CB936C-D8CF-4895-B8A9-3BF0EB58FC02}.Release|Mixed Platforms.ActiveCfg = Release|x86
		{F1CB936C-D8CF-4895-B8A9-3BF0EB58FC02}.Release|Mixed Platforms.Build.0 = Release|x86
		{F1CB936C-D8CF-4895-B8A9-3BF0EB58FC02}.Release|x86.ActiveCfg = Release|x86
		{F1CB936C-D8CF-4895-B8A9-3BF0EB58FC02}.Release|x86.Build.0 = Release|x86
		{87217545-4069-4FF4-B469-4AEE3E04A61E}.Debug|Any CPU.ActiveCfg = Debug|x86
		{87217545-4069-4FF4-B469-4AEE3E04A61E}.Debug|Mixed Platforms.ActiveCfg = Debug|x86
		{87217545-4069-4FF4-B469-4AEE3E04A61E}.Debug|Mixed Platforms.Build.0 = Debug|x86
		{87217545-4069-4FF4-B469-4AEE3E04A61E}.Debug|x86.ActiveCfg = Debug|x86
		{87217545-4069-4FF4-B469-4AEE3E04A61E}.Debug|x86.Build.0 = Debug|x86
		{87217545-4069-4FF4-B469-4AEE3E04A61E}.Release|Any CPU.ActiveCfg = Release|x86
		{87217545-4069-4FF4-B469-4AEE3E04A61E}.Release|Mixed Platforms.ActiveCfg = Release|x86
		{87217545-4069-4FF4-B469-4AEE3E04A61E}.Release|Mixed Platforms.Build.0 = Release|x86
		{87217545-4069-4FF4-B469-4AEE3E04A61E}.Release|x86.ActiveCfg = Release|x86
		{87217545-4069-4FF4-B469-4AEE3E04A61E}.Release|x86.Build.0 = Release|x86
		{D9FD0078-622A-49CD-A0BC-C7CBD0D69885}.Debug|Any CPU.ActiveCfg = Debug|x86
		{D9FD0078-622A-49CD-A0BC-C7CBD0D69885}.Debug|Mixed Platforms.ActiveCfg = Debug|x86
		{D9FD0078-622A-49CD-A0BC-C7CBD0D69885}.Debug|Mixed Platforms.Build.0 = Debug|x86
		{D9FD0078-622A-49CD-A0BC-C7CBD0D69885}.Debug|x86.ActiveCfg = Debug|x86
		{D9FD0078-622A-49CD-A0BC-C7CBD0D69885}.Debug|x86.Build.0 = Debug|x86
		{D9FD0078-622A-49CD-A0BC-C7CBD0D69885}.Release|Any CPU.ActiveCfg = Release|x86
		{D9FD0078-622A-49CD-A0BC-C7CBD0D69885}.Release|Mixed Platforms.ActiveCfg = Release|x86
		{D9FD0078-622A-49CD-A0BC-C7CBD0D69885}.Release|Mixed Platforms.Build.0 = Release|x86
		{D9FD0078-622A-49CD-A0BC-C7CBD0D69885}.Release|x86.ActiveCfg = Release|x86
		{D9FD0078-622A-49CD-A0BC-C7CBD0D69885}.Release|x86.Build.0 = Release|x86
		{DA8E013E-86A6-4D83-8B40-995DE94B4A61}.Debug|Any CPU.ActiveCfg = Debug|x86
		{DA8E013E-86A6-4D83-8B40-995DE94B4A61}.Debug|Mixed Platforms.ActiveCfg = Debug|x86
		{DA8E013E-86A6-4D83-8B40-995DE94B4A61}.Debug|Mixed Platforms.Build.0 = Debug|x86
		{DA8E013E-86A6-4D83-8B40-995DE94B4A61}.Debug|x86.ActiveCfg = Debug|x86
		{DA8E013E-86A6-4D83-8B40-995DE94B4A61}.Debug|x86.Build.0 = Debug|x86
		{DA8E013E-86A6-4D83-8B40-995DE94B4A61}.Release|Any CPU.ActiveCfg = Release|x86
		{DA8E013E-86A6-4D83-8B40-995DE94B4A61}.Release|Mixed Platforms.ActiveCfg = Release|x86
		{DA8E013E-86A6-4D83-8B40-995DE94B4A61}.Release|Mixed Platforms.Build.0 = Release|x86
		{DA8E013E-86A6-4D83-8B40-995DE94B4A61}.Release|x86.ActiveCfg = Release|x86
		{DA8E013E-86A6-4D83-8B40-995DE94B4A61}.Release|x86.Build.0 = Release|x86
		{6CD0347F-E974-4072-A263-9942F0228F2C}.Debug|Any CPU.ActiveCfg = Debug|x86
		{6CD0347F-E974-4072-A263-9942F0228F2C}.Debug|Mixed Platforms.ActiveCfg = Debug|x86
		{6CD0347F-E974-4072-A263-9942F0228F2C}.Debug|Mixed Platforms.Build.0 = Debug|x86
		{6CD0347F-E974-4072-A263-9942F0228F2C}.Debug|x86.ActiveCfg = Debug|x86
		{6CD0347F-E974-4072-A263-9942F0228F2C}.Debug|x86.Build.0 = Debug|x86
		{6CD0347F-E974-4072-A263-9942F0228F2C}.Release|Any CPU.ActiveCfg = Release|x86
		{6CD0347F-E974-4072-A263-9942F0228F2C}.Release|Mixed Platforms.ActiveCfg = Release|x86
		{6CD0347F-E974-4072-A263-9942F0228F2C}.Release|Mixed Platforms.Build.0 = Release|x86
		{6CD0347F-E974-4072-A263-9942F0228F2C}.Release|x86.ActiveCfg = Release|x86
		{6CD0347F-E974-4072-A263-9942F0228F2C}.Release|x86.Build.0 = Release|x86
		{2EEC24BF-4710-430E-AAE4-7C9BDBE01393}.Debug|Any CPU.ActiveCfg = Debug|x86
		{2EEC24BF-4710-430E-AAE4-7C9BDBE01393}.Debug|Mixed Platforms.ActiveCfg = Debug|x86
		{2EEC24BF-4710-430E-AAE4-7C9BDBE01393}.Debug|Mixed Platforms.Build.0 = Debug|x86
		{2EEC24BF-4710-430E-AAE4-7C9BDBE01393}.Debug|x86.ActiveCfg = Debug|x86
		{2EEC24BF-4710-430E-AAE4-7C9BDBE01393}.Debug|x86.Build.0 = Debug|x86
		{2EEC24BF-4710-430E-AAE4-7C9BDBE01393}.Release|Any CPU.ActiveCfg = Release|x86
		{2EEC24BF-4710-430E-AAE4-7C9BDBE01393}.Release|Mixed Platforms.ActiveCfg = Release|x86
		{2EEC24BF-4710-430E-AAE4-7C9BDBE01393}.Release|Mixed Platforms.Build.0 = Release|x86
		{2EEC24BF-4710-430E-AAE4-7C9BDBE01393}.Release|x86.ActiveCfg = Release|x86
		{2EEC24BF-4710-430E-AAE4-7C9BDBE01393}.Release|x86.Build.0 = Release|x86
		{EA06EF27-C3F7-4DC7-B315-3D7B68F3BAFD}.Debug|Any CPU.ActiveCfg = Debug|x86
		{EA06EF27-C3F7-4DC7-B315-3D7B68F3BAFD}.Debug|Mixed Platforms.ActiveCfg = Debug|x86
		{EA06EF27-C3F7-4DC7-B315-3D7B68F3BAFD}.Debug|Mixed Platforms.Build.0 = Debug|x86
		{EA06EF27-C3F7-4DC7-B315-3D7B68F3BAFD}.Debug|x86.ActiveCfg = Debug|x86
		{EA06EF27-C3F7-4DC7-B315-3D7B68F3BAFD}.Debug|x86.Build.0 = Debug|x86
		{EA06EF27-C3F7-4DC7-B315-3D7B68F3BAFD}.Release|Any CPU.ActiveCfg = Release|x86
		{EA06EF27-C3F7-4DC7-B315-3D7B68F3BAFD}.Release|Mixed Platforms.ActiveCfg = Release|x86
		{EA06EF27-C3F7-4DC7-B315-3D7B68F3BAFD}.Release|Mixed Platforms.Build.0 = Release|x86
		{EA06EF27-C3F7-4DC7-B315-3D7B68F3BAFD}.Release|x86.ActiveCfg = Release|x86
		{EA06EF27-C3F7-4DC7-B315-3D7B68F3BAFD}.Release|x86.Build.0 = Release|x86
		{8E4C81DF-FC42-40EE-9FBB-906CB909E8BA}.Debug|Any CPU.ActiveCfg = Debug|x86
		{8E4C81DF-FC42-40EE-9FBB-906CB909E8BA}.Debug|Mixed Platforms.ActiveCfg = Debug|x86
		{8E4C81DF-FC42-40EE-9FBB-906CB909E8BA}.Debug|Mixed Platforms.Build.0 = Debug|x86
		{8E4C81DF-FC42-40EE-9FBB-906CB909E8BA}.Debug|x86.ActiveCfg = Debug|x86
		{8E4C81DF-FC42-40EE-9FBB-906CB909E8BA}.Debug|x86.Build.0 = Debug|x86
		{8E4C81DF-FC42-40EE-9FBB-906CB909E8BA}.Release|Any CPU.ActiveCfg = Release|x86
		{8E4C81DF-FC42-40EE-9FBB-906CB909E8BA}.Release|Mixed Platforms.ActiveCfg = Release|x86
		{8E4C81DF-FC42-40EE-9FBB-906CB909E8BA}.Release|Mixed Platforms.Build.0 = Release|x86
		{8E4C81DF-FC42-40EE-9FBB-906CB909E8BA}.Release|x86.ActiveCfg = Release|x86
		{8E4C81DF-FC42-40EE-9FBB-906CB909E8BA}.Release|x86.Build.0 = Release|x86
		{A979D454-BA47-4C73-A734-73E98481644B}.Debug|Any CPU.ActiveCfg = Debug|x86
		{A979D454-BA47-4C73-A734-73E98481644B}.Debug|Mixed Platforms.ActiveCfg = Debug|x86
		{A979D454-BA47-4C73-A734-73E98481644B}.Debug|Mixed Platforms.Build.0 = Debug|x86
		{A979D454-BA47-4C73-A734-73E98481644B}.Debug|x86.ActiveCfg = Debug|x86
		{A979D454-BA47-4C73-A734-73E98481644B}.Debug|x86.Build.0 = Debug|x86
		{A979D454-BA47-4C73-A734-73E98481644B}.Release|Any CPU.ActiveCfg = Release|x86
		{A979D454-BA47-4C73-A734-73E98481644B}.Release|Mixed Platforms.ActiveCfg = Release|x86
		{A979D454-BA47-4C73-A734-73E98481644B}.Release|Mixed Platforms.Build.0 = Release|x86
		{A979D454-BA47-4C73-A734-73E98481644B}.Release|x86.ActiveCfg = Release|x86
		{A979D454-BA47-4C73-A734-73E98481644B}.Release|x86.Build.0 = Release|x86
		{ACB91E9F-50C9-45D8-A31E-F29A054D34E0}.Debug|Any CPU.ActiveCfg = Debug|x86
		{ACB91E9F-50C9-45D8-A31E-F29A054D34E0}.Debug|Mixed Platforms.ActiveCfg = Debug|x86
		{ACB91E9F-50C9-45D8-A31E-F29A054D34E0}.Debug|Mixed Platforms.Build.0 = Debug|x86
		{ACB91E9F-50C9-45D8-A31E-F29A054D34E0}.Debug|x86.ActiveCfg = Debug|x86
		{ACB91E9F-50C9-45D8-A31E-F29A054D34E0}.Debug|x86.Build.0 = Debug|x86
		{ACB91E9F-50C9-45D8-A31E-F29A054D34E0}.Release|Any CPU.ActiveCfg = Release|x86
		{ACB91E9F-50C9-45D8-A31E-F29A054D34E0}.Release|Mixed Platforms.ActiveCfg = Release|x86
		{ACB91E9F-50C9-45D8-A31E-F29A054D34E0}.Release|Mixed Platforms.Build.0 = Release|x86
		{ACB91E9F-50C9-45D8-A31E-F29A054D34E0}.Release|x86.ActiveCfg = Release|x86
		{ACB91E9F-50C9-45D8-A31E-F29A054D34E0}.Release|x86.Build.0 = Release|x86
		{EB0AE544-710E-4E09-975F-156BE68EB2AC}.Debug|Any CPU.ActiveCfg = Debug|x86
		{EB0AE544-710E-4E09-975F-156BE68EB2AC}.Debug|Mixed Platforms.ActiveCfg = Debug|x86
		{EB0AE544-710E-4E09-975F-156BE68EB2AC}.Debug|Mixed Platforms.Build.0 = Debug|x86
		{EB0AE544-710E-4E09-975F-156BE68EB2AC}.Debug|x86.ActiveCfg = Debug|x86
		{EB0AE544-710E-4E09-975F-156BE68EB2AC}.Debug|x86.Build.0 = Debug|x86
		{EB0AE544-710E-4E09-975F-156BE68EB2AC}.Release|Any CPU.ActiveCfg = Release|x86
		{EB0AE544-710E-4E09-975F-156BE68EB2AC}.Release|Mixed Platforms.ActiveCfg = Release|x86
		{EB0AE544-710E-4E09-975F-156BE68EB2AC}.Release|Mixed Platforms.Build.0 = Release|x86
		{EB0AE544-710E-4E09-975F-156BE68EB2AC}.Release|x86.ActiveCfg = Release|x86
		{EB0AE544-710E-4E09-975F-156BE68EB2AC}.Release|x86.Build.0 = Release|x86
		{D137550A-A679-4976-9562-393A39DDBC0F}.Debug|Any CPU.ActiveCfg = Debug|x86
		{D137550A-A679-4976-9562-393A39DDBC0F}.Debug|Mixed Platforms.ActiveCfg = Debug|x86
		{D137550A-A679-4976-9562-393A39DDBC0F}.Debug|Mixed Platforms.Build.0 = Debug|x86
		{D137550A-A679-4976-9562-393A39DDBC0F}.Debug|x86.ActiveCfg = Debug|x86
		{D137550A-A679-4976-9562-393A39DDBC0F}.Debug|x86.Build.0 = Debug|x86
		{D137550A-A679-4976-9562-393A39DDBC0F}.Release|Any CPU.ActiveCfg = Release|x86
		{D137550A-A679-4976-9562-393A39DDBC0F}.Release|Mixed Platforms.ActiveCfg = Release|x86
		{D137550A-A679-4976-9562-393A39DDBC0F}.Release|Mixed Platforms.Build.0 = Release|x86
		{D137550A-A679-4976-9562-393A39DDBC0F}.Release|x86.ActiveCfg = Release|x86
		{D137550A-A679-4976-9562-393A39DDBC0F}.Release|x86.Build.0 = Release|x86
		{BA3ACA84-5328-4EB7-A00A-ACDE9AB53EB8}.Debug|Any CPU.ActiveCfg = Debug|x86
		{BA3ACA84-5328-4EB7-A00A-ACDE9AB53EB8}.Debug|Mixed Platforms.ActiveCfg = Debug|x86
		{BA3ACA84-5328-4EB7-A00A-ACDE9AB53EB8}.Debug|Mixed Platforms.Build.0 = Debug|x86
		{BA3ACA84-5328-4EB7-A00A-ACDE9AB53EB8}.Debug|x86.ActiveCfg = Debug|x86
		{BA3ACA84-5328-4EB7-A00A-ACDE9AB53EB8}.Debug|x86.Build.0 = Debug|x86
		{BA3ACA84-5328-4EB7-A00A-ACDE9AB53EB8}.Release|Any CPU.ActiveCfg = Release|x86
		{BA3ACA84-5328-4EB7-A00A-ACDE9AB53EB8}.Release|Mixed Platforms.ActiveCfg = Release|x86
		{BA3ACA84-5328-4EB7-A00A-ACDE9AB53EB8}.Release|Mixed Platforms.Build.0 = Release|x86
		{BA3ACA84-5328-4EB7-A00A-ACDE9AB53EB8}.Release|x86.ActiveCfg = Release|x86
		{BA3ACA84-5328-4EB7-A00A-ACDE9AB53EB8}.Release|x86.Build.0 = Release|x86
		{901C530A-685F-473C-BF63-5D5F12EBD928}.Debug|Any CPU.ActiveCfg = Debug|x86
		{901C530A-685F-473C-BF63-5D5F12EBD928}.Debug|Mixed Platforms.ActiveCfg = Debug|x86
		{901C530A-685F-473C-BF63-5D5F12EBD928}.Debug|Mixed Platforms.Build.0 = Debug|x86
		{901C530A-685F-473C-BF63-5D5F12EBD928}.Debug|x86.ActiveCfg = Debug|x86
		{901C530A-685F-473C-BF63-5D5F12EBD928}.Debug|x86.Build.0 = Debug|x86
		{901C530A-685F-473C-BF63-5D5F12EBD928}.Release|Any CPU.ActiveCfg = Release|x86
		{901C530A-685F-473C-BF63-5D5F12EBD928}.Release|Mixed Platforms.ActiveCfg = Release|x86
		{901C530A-685F-473C-BF63-5D5F12EBD928}.Release|Mixed Platforms.Build.0 = Release|x86
		{901C530A-685F-473C-BF63-5D5F12EBD928}.Release|x86.ActiveCfg = Release|x86
		{901C530A-685F-473C-BF63-5D5F12EBD928}.Release|x86.Build.0 = Release|x86
		{A9BD0F22-DC9B-402B-A07B-4748E636F471}.Debug|Any CPU.ActiveCfg = Debug|x86
		{A9BD0F22-DC9B-402B-A07B-4748E636F471}.Debug|Mixed Platforms.ActiveCfg = Debug|x86
		{A9BD0F22-DC9B-402B-A07B-4748E636F471}.Debug|Mixed Platforms.Build.0 = Debug|x86
		{A9BD0F22-DC9B-402B-A07B-4748E636F471}.Debug|x86.ActiveCfg = Debug|x86
		{A9BD0F22-DC9B-402B-A07B-4748E636F471}.Debug|x86.Build.0 = Debug|x86
		{A9BD0F22-DC9B-402B-A07B-4748E636F471}.Release|Any CPU.ActiveCfg = Release|x86
		{A9BD0F22-DC9B-402B-A07B-4748E636F471}.Release|Mixed Platforms.ActiveCfg = Release|x86
		{A9BD0F22-DC9B-402B-A07B-4748E636F471}.Release|Mixed Platforms.Build.0 = Release|x86
		{A9BD0F22-DC9B-402B-A07B-4748E636F471}.Release|x86.ActiveCfg = Release|x86
		{A9BD0F22-DC9B-402B-A07B-4748E636F471}.Release|x86.Build.0 = Release|x86
		{D014863C-FF45-4364-927F-B341F1E8B771}.Debug|Any CPU.ActiveCfg = Debug|x86
		{D014863C-FF45-4364-927F-B341F1E8B771}.Debug|Mixed Platforms.ActiveCfg = Debug|x86
		{D014863C-FF45-4364-927F-B341F1E8B771}.Debug|Mixed Platforms.Build.0 = Debug|x86
		{D014863C-FF45-4364-927F-B341F1E8B771}.Debug|x86.ActiveCfg = Debug|x86
		{D014863C-FF45-4364-927F-B341F1E8B771}.Debug|x86.Build.0 = Debug|x86
		{D014863C-FF45-4364-927F-B341F1E8B771}.Release|Any CPU.ActiveCfg = Release|x86
		{D014863C-FF45-4364-927F-B341F1E8B771}.Release|Mixed Platforms.ActiveCfg = Release|x86
		{D014863C-FF45-4364-927F-B341F1E8B771}.Release|Mixed Platforms.Build.0 = Release|x86
		{D014863C-FF45-4364-927F-B341F1E8B771}.Release|x86.ActiveCfg = Release|x86
		{D014863C-FF45-4364-927F-B341F1E8B771}.Release|x86.Build.0 = Release|x86
		{BAA6D530-875F-4325-9A61-0FC77546A719}.Debug|Any CPU.ActiveCfg = Debug|x86
		{BAA6D530-875F-4325-9A61-0FC77546A719}.Debug|Mixed Platforms.ActiveCfg = Debug|x86
		{BAA6D530-875F-4325-9A61-0FC77546A719}.Debug|Mixed Platforms.Build.0 = Debug|x86
		{BAA6D530-875F-4325-9A61-0FC77546A719}.Debug|x86.ActiveCfg = Debug|x86
		{BAA6D530-875F-4325-9A61-0FC77546A719}.Debug|x86.Build.0 = Debug|x86
		{BAA6D530-875F-4325-9A61-0FC77546A719}.Release|Any CPU.ActiveCfg = Release|x86
		{BAA6D530-875F-4325-9A61-0FC77546A719}.Release|Mixed Platforms.ActiveCfg = Release|x86
		{BAA6D530-875F-4325-9A61-0FC77546A719}.Release|Mixed Platforms.Build.0 = Release|x86
		{BAA6D530-875F-4325-9A61-0FC77546A719}.Release|x86.ActiveCfg = Release|x86
		{BAA6D530-875F-4325-9A61-0FC77546A719}.Release|x86.Build.0 = Release|x86
		{B47B36CF-39F7-4EC2-A396-3B8B1E1B2161}.Debug|Any CPU.ActiveCfg = Debug|x86
		{B47B36CF-39F7-4EC2-A396-3B8B1E1B2161}.Debug|Mixed Platforms.ActiveCfg = Debug|x86
		{B47B36CF-39F7-4EC2-A396-3B8B1E1B2161}.Debug|Mixed Platforms.Build.0 = Debug|x86
		{B47B36CF-39F7-4EC2-A396-3B8B1E1B2161}.Debug|x86.ActiveCfg = Debug|x86
		{B47B36CF-39F7-4EC2-A396-3B8B1E1B2161}.Debug|x86.Build.0 = Debug|x86
		{B47B36CF-39F7-4EC2-A396-3B8B1E1B2161}.Release|Any CPU.ActiveCfg = Release|x86
		{B47B36CF-39F7-4EC2-A396-3B8B1E1B2161}.Release|Mixed Platforms.ActiveCfg = Release|x86
		{B47B36CF-39F7-4EC2-A396-3B8B1E1B2161}.Release|Mixed Platforms.Build.0 = Release|x86
		{B47B36CF-39F7-4EC2-A396-3B8B1E1B2161}.Release|x86.ActiveCfg = Release|x86
		{B47B36CF-39F7-4EC2-A396-3B8B1E1B2161}.Release|x86.Build.0 = Release|x86
		{D0DA2C0F-28BD-4BE2-8381-5A90509C4787}.Debug|Any CPU.ActiveCfg = Debug|x86
		{D0DA2C0F-28BD-4BE2-8381-5A90509C4787}.Debug|Mixed Platforms.ActiveCfg = Debug|x86
		{D0DA2C0F-28BD-4BE2-8381-5A90509C4787}.Debug|Mixed Platforms.Build.0 = Debug|x86
		{D0DA2C0F-28BD-4BE2-8381-5A90509C4787}.Debug|x86.ActiveCfg = Debug|x86
		{D0DA2C0F-28BD-4BE2-8381-5A90509C4787}.Debug|x86.Build.0 = Debug|x86
		{D0DA2C0F-28BD-4BE2-8381-5A90509C4787}.Release|Any CPU.ActiveCfg = Release|x86
		{D0DA2C0F-28BD-4BE2-8381-5A90509C4787}.Release|Mixed Platforms.ActiveCfg = Release|x86
		{D0DA2C0F-28BD-4BE2-8381-5A90509C4787}.Release|Mixed Platforms.Build.0 = Release|x86
		{D0DA2C0F-28BD-4BE2-8381-5A90509C4787}.Release|x86.ActiveCfg = Release|x86
		{D0DA2C0F-28BD-4BE2-8381-5A90509C4787}.Release|x86.Build.0 = Release|x86
		{18E90D1F-7FEF-49AB-82FD-E9B60F9064C8}.Debug|Any CPU.ActiveCfg = Debug|x86
		{18E90D1F-7FEF-49AB-82FD-E9B60F9064C8}.Debug|Mixed Platforms.ActiveCfg = Debug|x86
		{18E90D1F-7FEF-49AB-82FD-E9B60F9064C8}.Debug|Mixed Platforms.Build.0 = Debug|x86
		{18E90D1F-7FEF-49AB-82FD-E9B60F9064C8}.Debug|x86.ActiveCfg = Debug|x86
		{18E90D1F-7FEF-49AB-82FD-E9B60F9064C8}.Debug|x86.Build.0 = Debug|x86
		{18E90D1F-7FEF-49AB-82FD-E9B60F9064C8}.Release|Any CPU.ActiveCfg = Release|x86
		{18E90D1F-7FEF-49AB-82FD-E9B60F9064C8}.Release|Mixed Platforms.ActiveCfg = Release|x86
		{18E90D1F-7FEF-49AB-82FD-E9B60F9064C8}.Release|Mixed Platforms.Build.0 = Release|x86
		{18E90D1F-7FEF-49AB-82FD-E9B60F9064C8}.Release|x86.ActiveCfg = Release|x86
		{18E90D1F-7FEF-49AB-82FD-E9B60F9064C8}.Release|x86.Build.0 = Release|x86
		{E5444394-9FA1-4724-AEB6-3CB186B3CBBF}.Debug|Any CPU.ActiveCfg = Debug|x86
		{E5444394-9FA1-4724-AEB6-3CB186B3CBBF}.Debug|Mixed Platforms.ActiveCfg = Debug|x86
		{E5444394-9FA1-4724-AEB6-3CB186B3CBBF}.Debug|Mixed Platforms.Build.0 = Debug|x86
		{E5444394-9FA1-4724-AEB6-3CB186B3CBBF}.Debug|x86.ActiveCfg = Debug|x86
		{E5444394-9FA1-4724-AEB6-3CB186B3CBBF}.Debug|x86.Build.0 = Debug|x86
		{E5444394-9FA1-4724-AEB6-3CB186B3CBBF}.Release|Any CPU.ActiveCfg = Release|x86
		{E5444394-9FA1-4724-AEB6-3CB186B3CBBF}.Release|Mixed Platforms.ActiveCfg = Release|x86
		{E5444394-9FA1-4724-AEB6-3CB186B3CBBF}.Release|Mixed Platforms.Build.0 = Release|x86
		{E5444394-9FA1-4724-AEB6-3CB186B3CBBF}.Release|x86.ActiveCfg = Release|x86
		{E5444394-9FA1-4724-AEB6-3CB186B3CBBF}.Release|x86.Build.0 = Release|x86
		{FC26452E-C911-4E4C-B9DA-0E6806D2C70B}.Debug|Any CPU.ActiveCfg = Debug|x86
		{FC26452E-C911-4E4C-B9DA-0E6806D2C70B}.Debug|Mixed Platforms.ActiveCfg = Debug|x86
		{FC26452E-C911-4E4C-B9DA-0E6806D2C70B}.Debug|Mixed Platforms.Build.0 = Debug|x86
		{FC26452E-C911-4E4C-B9DA-0E6806D2C70B}.Debug|x86.ActiveCfg = Debug|x86
		{FC26452E-C911-4E4C-B9DA-0E6806D2C70B}.Debug|x86.Build.0 = Debug|x86
		{FC26452E-C911-4E4C-B9DA-0E6806D2C70B}.Release|Any CPU.ActiveCfg = Release|x86
		{FC26452E-C911-4E4C-B9DA-0E6806D2C70B}.Release|Mixed Platforms.ActiveCfg = Release|x86
		{FC26452E-C911-4E4C-B9DA-0E6806D2C70B}.Release|Mixed Platforms.Build.0 = Release|x86
		{FC26452E-C911-4E4C-B9DA-0E6806D2C70B}.Release|x86.ActiveCfg = Release|x86
		{FC26452E-C911-4E4C-B9DA-0E6806D2C70B}.Release|x86.Build.0 = Release|x86
		{BA4DB739-558D-4F00-BCFC-4E78AF156EE8}.Debug|Any CPU.ActiveCfg = Debug|x86
		{BA4DB739-558D-4F00-BCFC-4E78AF156EE8}.Debug|Mixed Platforms.ActiveCfg = Debug|x86
		{BA4DB739-558D-4F00-BCFC-4E78AF156EE8}.Debug|Mixed Platforms.Build.0 = Debug|x86
		{BA4DB739-558D-4F00-BCFC-4E78AF156EE8}.Debug|x86.ActiveCfg = Debug|x86
		{BA4DB739-558D-4F00-BCFC-4E78AF156EE8}.Debug|x86.Build.0 = Debug|x86
		{BA4DB739-558D-4F00-BCFC-4E78AF156EE8}.Release|Any CPU.ActiveCfg = Release|x86
		{BA4DB739-558D-4F00-BCFC-4E78AF156EE8}.Release|Mixed Platforms.ActiveCfg = Release|x86
		{BA4DB739-558D-4F00-BCFC-4E78AF156EE8}.Release|Mixed Platforms.Build.0 = Release|x86
		{BA4DB739-558D-4F00-BCFC-4E78AF156EE8}.Release|x86.ActiveCfg = Release|x86
		{BA4DB739-558D-4F00-BCFC-4E78AF156EE8}.Release|x86.Build.0 = Release|x86
		{1BA8BCD6-C8BD-47F5-81F0-24CD77BCC39A}.Debug|Any CPU.ActiveCfg = Debug|x86
		{1BA8BCD6-C8BD-47F5-81F0-24CD77BCC39A}.Debug|Mixed Platforms.ActiveCfg = Debug|x86
		{1BA8BCD6-C8BD-47F5-81F0-24CD77BCC39A}.Debug|Mixed Platforms.Build.0 = Debug|x86
		{1BA8BCD6-C8BD-47F5-81F0-24CD77BCC39A}.Debug|x86.ActiveCfg = Debug|x86
		{1BA8BCD6-C8BD-47F5-81F0-24CD77BCC39A}.Debug|x86.Build.0 = Debug|x86
		{1BA8BCD6-C8BD-47F5-81F0-24CD77BCC39A}.Release|Any CPU.ActiveCfg = Release|x86
		{1BA8BCD6-C8BD-47F5-81F0-24CD77BCC39A}.Release|Mixed Platforms.ActiveCfg = Release|x86
		{1BA8BCD6-C8BD-47F5-81F0-24CD77BCC39A}.Release|Mixed Platforms.Build.0 = Release|x86
		{1BA8BCD6-C8BD-47F5-81F0-24CD77BCC39A}.Release|x86.ActiveCfg = Release|x86
		{1BA8BCD6-C8BD-47F5-81F0-24CD77BCC39A}.Release|x86.Build.0 = Release|x86
		{DF5CC896-1761-48AE-968A-BC64C8DCDE85}.Debug|Any CPU.ActiveCfg = Debug|x86
		{DF5CC896-1761-48AE-968A-BC64C8DCDE85}.Debug|Mixed Platforms.ActiveCfg = Debug|x86
		{DF5CC896-1761-48AE-968A-BC64C8DCDE85}.Debug|Mixed Platforms.Build.0 = Debug|x86
		{DF5CC896-1761-48AE-968A-BC64C8DCDE85}.Debug|x86.ActiveCfg = Debug|x86
		{DF5CC896-1761-48AE-968A-BC64C8DCDE85}.Debug|x86.Build.0 = Debug|x86
		{DF5CC896-1761-48AE-968A-BC64C8DCDE85}.Release|Any CPU.ActiveCfg = Release|x86
		{DF5CC896-1761-48AE-968A-BC64C8DCDE85}.Release|Mixed Platforms.ActiveCfg = Release|x86
		{DF5CC896-1761-48AE-968A-BC64C8DCDE85}.Release|Mixed Platforms.Build.0 = Release|x86
		{DF5CC896-1761-48AE-968A-BC64C8DCDE85}.Release|x86.ActiveCfg = Release|x86
		{DF5CC896-1761-48AE-968A-BC64C8DCDE85}.Release|x86.Build.0 = Release|x86
		{B0B3CDDB-BDC8-40BB-9568-4FF24D385235}.Debug|Any CPU.ActiveCfg = Debug|x86
		{B0B3CDDB-BDC8-40BB-9568-4FF24D385235}.Debug|Mixed Platforms.ActiveCfg = Debug|x86
		{B0B3CDDB-BDC8-40BB-9568-4FF24D385235}.Debug|Mixed Platforms.Build.0 = Debug|x86
		{B0B3CDDB-BDC8-40BB-9568-4FF24D385235}.Debug|x86.ActiveCfg = Debug|x86
		{B0B3CDDB-BDC8-40BB-9568-4FF24D385235}.Debug|x86.Build.0 = Debug|x86
		{B0B3CDDB-BDC8-40BB-9568-4FF24D385235}.Release|Any CPU.ActiveCfg = Release|x86
		{B0B3CDDB-BDC8-40BB-9568-4FF24D385235}.Release|Mixed Platforms.ActiveCfg = Release|x86
		{B0B3CDDB-BDC8-40BB-9568-4FF24D385235}.Release|Mixed Platforms.Build.0 = Release|x86
		{B0B3CDDB-BDC8-40BB-9568-4FF24D385235}.Release|x86.ActiveCfg = Release|x86
		{B0B3CDDB-BDC8-40BB-9568-4FF24D385235}.Release|x86.Build.0 = Release|x86
		{3E155523-1E4B-41F8-9C54-0CCA88E86DE5}.Debug|Any CPU.ActiveCfg = Debug|Any CPU
		{3E155523-1E4B-41F8-9C54-0CCA88E86DE5}.Debug|Any CPU.Build.0 = Debug|Any CPU
		{3E155523-1E4B-41F8-9C54-0CCA88E86DE5}.Debug|Mixed Platforms.ActiveCfg = Debug|Any CPU
		{3E155523-1E4B-41F8-9C54-0CCA88E86DE5}.Debug|Mixed Platforms.Build.0 = Debug|Any CPU
		{3E155523-1E4B-41F8-9C54-0CCA88E86DE5}.Debug|x86.ActiveCfg = Debug|Any CPU
		{3E155523-1E4B-41F8-9C54-0CCA88E86DE5}.Release|Any CPU.ActiveCfg = Release|Any CPU
		{3E155523-1E4B-41F8-9C54-0CCA88E86DE5}.Release|Any CPU.Build.0 = Release|Any CPU
		{3E155523-1E4B-41F8-9C54-0CCA88E86DE5}.Release|Mixed Platforms.ActiveCfg = Release|Any CPU
		{3E155523-1E4B-41F8-9C54-0CCA88E86DE5}.Release|Mixed Platforms.Build.0 = Release|Any CPU
		{3E155523-1E4B-41F8-9C54-0CCA88E86DE5}.Release|x86.ActiveCfg = Release|Any CPU
		{DAB74DF2-FF67-4F1F-AF0E-BA03A882ABB4}.Debug|Any CPU.ActiveCfg = Debug|Any CPU
		{DAB74DF2-FF67-4F1F-AF0E-BA03A882ABB4}.Debug|Any CPU.Build.0 = Debug|Any CPU
		{DAB74DF2-FF67-4F1F-AF0E-BA03A882ABB4}.Debug|Mixed Platforms.ActiveCfg = Debug|Any CPU
		{DAB74DF2-FF67-4F1F-AF0E-BA03A882ABB4}.Debug|Mixed Platforms.Build.0 = Debug|Any CPU
		{DAB74DF2-FF67-4F1F-AF0E-BA03A882ABB4}.Debug|x86.ActiveCfg = Debug|Any CPU
		{DAB74DF2-FF67-4F1F-AF0E-BA03A882ABB4}.Release|Any CPU.ActiveCfg = Release|Any CPU
		{DAB74DF2-FF67-4F1F-AF0E-BA03A882ABB4}.Release|Any CPU.Build.0 = Release|Any CPU
		{DAB74DF2-FF67-4F1F-AF0E-BA03A882ABB4}.Release|Mixed Platforms.ActiveCfg = Release|Any CPU
		{DAB74DF2-FF67-4F1F-AF0E-BA03A882ABB4}.Release|Mixed Platforms.Build.0 = Release|Any CPU
		{DAB74DF2-FF67-4F1F-AF0E-BA03A882ABB4}.Release|x86.ActiveCfg = Release|Any CPU
		{23C4CBD0-399B-4598-9707-472326FFC08D}.Debug|Any CPU.ActiveCfg = Debug|Any CPU
		{23C4CBD0-399B-4598-9707-472326FFC08D}.Debug|Any CPU.Build.0 = Debug|Any CPU
		{23C4CBD0-399B-4598-9707-472326FFC08D}.Debug|Mixed Platforms.ActiveCfg = Debug|Any CPU
		{23C4CBD0-399B-4598-9707-472326FFC08D}.Debug|Mixed Platforms.Build.0 = Debug|Any CPU
		{23C4CBD0-399B-4598-9707-472326FFC08D}.Debug|x86.ActiveCfg = Debug|Any CPU
		{23C4CBD0-399B-4598-9707-472326FFC08D}.Release|Any CPU.ActiveCfg = Release|Any CPU
		{23C4CBD0-399B-4598-9707-472326FFC08D}.Release|Any CPU.Build.0 = Release|Any CPU
		{23C4CBD0-399B-4598-9707-472326FFC08D}.Release|Mixed Platforms.ActiveCfg = Release|Any CPU
		{23C4CBD0-399B-4598-9707-472326FFC08D}.Release|Mixed Platforms.Build.0 = Release|Any CPU
		{23C4CBD0-399B-4598-9707-472326FFC08D}.Release|x86.ActiveCfg = Release|Any CPU
		{06291338-BC52-4D69-8FE7-A752D914C5CB}.Debug|Any CPU.ActiveCfg = Debug|Any CPU
		{06291338-BC52-4D69-8FE7-A752D914C5CB}.Debug|Any CPU.Build.0 = Debug|Any CPU
		{06291338-BC52-4D69-8FE7-A752D914C5CB}.Debug|Mixed Platforms.ActiveCfg = Debug|Any CPU
		{06291338-BC52-4D69-8FE7-A752D914C5CB}.Debug|Mixed Platforms.Build.0 = Debug|Any CPU
		{06291338-BC52-4D69-8FE7-A752D914C5CB}.Debug|x86.ActiveCfg = Debug|Any CPU
		{06291338-BC52-4D69-8FE7-A752D914C5CB}.Release|Any CPU.ActiveCfg = Release|Any CPU
		{06291338-BC52-4D69-8FE7-A752D914C5CB}.Release|Any CPU.Build.0 = Release|Any CPU
		{06291338-BC52-4D69-8FE7-A752D914C5CB}.Release|Mixed Platforms.ActiveCfg = Release|Any CPU
		{06291338-BC52-4D69-8FE7-A752D914C5CB}.Release|Mixed Platforms.Build.0 = Release|Any CPU
		{06291338-BC52-4D69-8FE7-A752D914C5CB}.Release|x86.ActiveCfg = Release|Any CPU
		{2371A4A0-1980-46BE-B727-0BE44A11586F}.Debug|Any CPU.ActiveCfg = Debug|Any CPU
		{2371A4A0-1980-46BE-B727-0BE44A11586F}.Debug|Any CPU.Build.0 = Debug|Any CPU
		{2371A4A0-1980-46BE-B727-0BE44A11586F}.Debug|Mixed Platforms.ActiveCfg = Debug|Any CPU
		{2371A4A0-1980-46BE-B727-0BE44A11586F}.Debug|Mixed Platforms.Build.0 = Debug|Any CPU
		{2371A4A0-1980-46BE-B727-0BE44A11586F}.Debug|x86.ActiveCfg = Debug|Any CPU
		{2371A4A0-1980-46BE-B727-0BE44A11586F}.Release|Any CPU.ActiveCfg = Release|Any CPU
		{2371A4A0-1980-46BE-B727-0BE44A11586F}.Release|Any CPU.Build.0 = Release|Any CPU
		{2371A4A0-1980-46BE-B727-0BE44A11586F}.Release|Mixed Platforms.ActiveCfg = Release|Any CPU
		{2371A4A0-1980-46BE-B727-0BE44A11586F}.Release|Mixed Platforms.Build.0 = Release|Any CPU
		{2371A4A0-1980-46BE-B727-0BE44A11586F}.Release|x86.ActiveCfg = Release|Any CPU
		{758A26F2-FE6D-4D06-88E8-40C959302A74}.Debug|Any CPU.ActiveCfg = Debug|Any CPU
		{758A26F2-FE6D-4D06-88E8-40C959302A74}.Debug|Any CPU.Build.0 = Debug|Any CPU
		{758A26F2-FE6D-4D06-88E8-40C959302A74}.Debug|Mixed Platforms.ActiveCfg = Debug|Any CPU
		{758A26F2-FE6D-4D06-88E8-40C959302A74}.Debug|Mixed Platforms.Build.0 = Debug|Any CPU
		{758A26F2-FE6D-4D06-88E8-40C959302A74}.Debug|x86.ActiveCfg = Debug|Any CPU
		{758A26F2-FE6D-4D06-88E8-40C959302A74}.Release|Any CPU.ActiveCfg = Release|Any CPU
		{758A26F2-FE6D-4D06-88E8-40C959302A74}.Release|Any CPU.Build.0 = Release|Any CPU
		{758A26F2-FE6D-4D06-88E8-40C959302A74}.Release|Mixed Platforms.ActiveCfg = Release|Any CPU
		{758A26F2-FE6D-4D06-88E8-40C959302A74}.Release|Mixed Platforms.Build.0 = Release|Any CPU
		{758A26F2-FE6D-4D06-88E8-40C959302A74}.Release|x86.ActiveCfg = Release|Any CPU
		{CE7ED507-20D3-43F1-A0A6-C74C0966CC40}.Debug|Any CPU.ActiveCfg = Debug|Any CPU
		{CE7ED507-20D3-43F1-A0A6-C74C0966CC40}.Debug|Any CPU.Build.0 = Debug|Any CPU
		{CE7ED507-20D3-43F1-A0A6-C74C0966CC40}.Debug|Mixed Platforms.ActiveCfg = Debug|Any CPU
		{CE7ED507-20D3-43F1-A0A6-C74C0966CC40}.Debug|Mixed Platforms.Build.0 = Debug|Any CPU
		{CE7ED507-20D3-43F1-A0A6-C74C0966CC40}.Debug|x86.ActiveCfg = Debug|Any CPU
		{CE7ED507-20D3-43F1-A0A6-C74C0966CC40}.Release|Any CPU.ActiveCfg = Release|Any CPU
		{CE7ED507-20D3-43F1-A0A6-C74C0966CC40}.Release|Any CPU.Build.0 = Release|Any CPU
		{CE7ED507-20D3-43F1-A0A6-C74C0966CC40}.Release|Mixed Platforms.ActiveCfg = Release|Any CPU
		{CE7ED507-20D3-43F1-A0A6-C74C0966CC40}.Release|Mixed Platforms.Build.0 = Release|Any CPU
		{CE7ED507-20D3-43F1-A0A6-C74C0966CC40}.Release|x86.ActiveCfg = Release|Any CPU
		{C1DE7561-5524-446F-BBA6-F008B6034DAF}.Debug|Any CPU.ActiveCfg = Debug|Any CPU
		{C1DE7561-5524-446F-BBA6-F008B6034DAF}.Debug|Any CPU.Build.0 = Debug|Any CPU
		{C1DE7561-5524-446F-BBA6-F008B6034DAF}.Debug|Mixed Platforms.ActiveCfg = Debug|Any CPU
		{C1DE7561-5524-446F-BBA6-F008B6034DAF}.Debug|Mixed Platforms.Build.0 = Debug|Any CPU
		{C1DE7561-5524-446F-BBA6-F008B6034DAF}.Debug|x86.ActiveCfg = Debug|Any CPU
		{C1DE7561-5524-446F-BBA6-F008B6034DAF}.Release|Any CPU.ActiveCfg = Release|Any CPU
		{C1DE7561-5524-446F-BBA6-F008B6034DAF}.Release|Any CPU.Build.0 = Release|Any CPU
		{C1DE7561-5524-446F-BBA6-F008B6034DAF}.Release|Mixed Platforms.ActiveCfg = Release|Any CPU
		{C1DE7561-5524-446F-BBA6-F008B6034DAF}.Release|Mixed Platforms.Build.0 = Release|Any CPU
		{C1DE7561-5524-446F-BBA6-F008B6034DAF}.Release|x86.ActiveCfg = Release|Any CPU
		{8694DE2E-E740-4302-85C2-09A982D71327}.Debug|Any CPU.ActiveCfg = Debug|Any CPU
		{8694DE2E-E740-4302-85C2-09A982D71327}.Debug|Any CPU.Build.0 = Debug|Any CPU
		{8694DE2E-E740-4302-85C2-09A982D71327}.Debug|Mixed Platforms.ActiveCfg = Debug|Any CPU
		{8694DE2E-E740-4302-85C2-09A982D71327}.Debug|Mixed Platforms.Build.0 = Debug|Any CPU
		{8694DE2E-E740-4302-85C2-09A982D71327}.Debug|x86.ActiveCfg = Debug|Any CPU
		{8694DE2E-E740-4302-85C2-09A982D71327}.Release|Any CPU.ActiveCfg = Release|Any CPU
		{8694DE2E-E740-4302-85C2-09A982D71327}.Release|Any CPU.Build.0 = Release|Any CPU
		{8694DE2E-E740-4302-85C2-09A982D71327}.Release|Mixed Platforms.ActiveCfg = Release|Any CPU
		{8694DE2E-E740-4302-85C2-09A982D71327}.Release|Mixed Platforms.Build.0 = Release|Any CPU
		{8694DE2E-E740-4302-85C2-09A982D71327}.Release|x86.ActiveCfg = Release|Any CPU
		{CA26FC88-9431-4D34-BF28-7F39585F694D}.Debug|Any CPU.ActiveCfg = Debug|Any CPU
		{CA26FC88-9431-4D34-BF28-7F39585F694D}.Debug|Any CPU.Build.0 = Debug|Any CPU
		{CA26FC88-9431-4D34-BF28-7F39585F694D}.Debug|Mixed Platforms.ActiveCfg = Debug|Any CPU
		{CA26FC88-9431-4D34-BF28-7F39585F694D}.Debug|Mixed Platforms.Build.0 = Debug|Any CPU
		{CA26FC88-9431-4D34-BF28-7F39585F694D}.Debug|x86.ActiveCfg = Debug|Any CPU
		{CA26FC88-9431-4D34-BF28-7F39585F694D}.Release|Any CPU.ActiveCfg = Release|Any CPU
		{CA26FC88-9431-4D34-BF28-7F39585F694D}.Release|Any CPU.Build.0 = Release|Any CPU
		{CA26FC88-9431-4D34-BF28-7F39585F694D}.Release|Mixed Platforms.ActiveCfg = Release|Any CPU
		{CA26FC88-9431-4D34-BF28-7F39585F694D}.Release|Mixed Platforms.Build.0 = Release|Any CPU
		{CA26FC88-9431-4D34-BF28-7F39585F694D}.Release|x86.ActiveCfg = Release|Any CPU
		{461A8854-B0E6-46C3-B16A-ED6D0A0D41B0}.Debug|Any CPU.ActiveCfg = Debug|Any CPU
		{461A8854-B0E6-46C3-B16A-ED6D0A0D41B0}.Debug|Any CPU.Build.0 = Debug|Any CPU
		{461A8854-B0E6-46C3-B16A-ED6D0A0D41B0}.Debug|Mixed Platforms.ActiveCfg = Debug|Any CPU
		{461A8854-B0E6-46C3-B16A-ED6D0A0D41B0}.Debug|Mixed Platforms.Build.0 = Debug|Any CPU
		{461A8854-B0E6-46C3-B16A-ED6D0A0D41B0}.Debug|x86.ActiveCfg = Debug|Any CPU
		{461A8854-B0E6-46C3-B16A-ED6D0A0D41B0}.Release|Any CPU.ActiveCfg = Release|Any CPU
		{461A8854-B0E6-46C3-B16A-ED6D0A0D41B0}.Release|Any CPU.Build.0 = Release|Any CPU
		{461A8854-B0E6-46C3-B16A-ED6D0A0D41B0}.Release|Mixed Platforms.ActiveCfg = Release|Any CPU
		{461A8854-B0E6-46C3-B16A-ED6D0A0D41B0}.Release|Mixed Platforms.Build.0 = Release|Any CPU
		{461A8854-B0E6-46C3-B16A-ED6D0A0D41B0}.Release|x86.ActiveCfg = Release|Any CPU
		{01BAD95D-3AD3-41B9-9745-EC4DE409C376}.Debug|Any CPU.ActiveCfg = Debug|Any CPU
		{01BAD95D-3AD3-41B9-9745-EC4DE409C376}.Debug|Any CPU.Build.0 = Debug|Any CPU
		{01BAD95D-3AD3-41B9-9745-EC4DE409C376}.Debug|Mixed Platforms.ActiveCfg = Debug|Any CPU
		{01BAD95D-3AD3-41B9-9745-EC4DE409C376}.Debug|Mixed Platforms.Build.0 = Debug|Any CPU
		{01BAD95D-3AD3-41B9-9745-EC4DE409C376}.Debug|x86.ActiveCfg = Debug|Any CPU
		{01BAD95D-3AD3-41B9-9745-EC4DE409C376}.Release|Any CPU.ActiveCfg = Release|Any CPU
		{01BAD95D-3AD3-41B9-9745-EC4DE409C376}.Release|Any CPU.Build.0 = Release|Any CPU
		{01BAD95D-3AD3-41B9-9745-EC4DE409C376}.Release|Mixed Platforms.ActiveCfg = Release|Any CPU
		{01BAD95D-3AD3-41B9-9745-EC4DE409C376}.Release|Mixed Platforms.Build.0 = Release|Any CPU
		{01BAD95D-3AD3-41B9-9745-EC4DE409C376}.Release|x86.ActiveCfg = Release|Any CPU
		{8BCD9F70-FA86-4942-BDAD-354B8180C456}.Debug|Any CPU.ActiveCfg = Debug|Any CPU
		{8BCD9F70-FA86-4942-BDAD-354B8180C456}.Debug|Any CPU.Build.0 = Debug|Any CPU
		{8BCD9F70-FA86-4942-BDAD-354B8180C456}.Debug|Mixed Platforms.ActiveCfg = Debug|Any CPU
		{8BCD9F70-FA86-4942-BDAD-354B8180C456}.Debug|Mixed Platforms.Build.0 = Debug|Any CPU
		{8BCD9F70-FA86-4942-BDAD-354B8180C456}.Debug|x86.ActiveCfg = Debug|Any CPU
		{8BCD9F70-FA86-4942-BDAD-354B8180C456}.Release|Any CPU.ActiveCfg = Release|Any CPU
		{8BCD9F70-FA86-4942-BDAD-354B8180C456}.Release|Any CPU.Build.0 = Release|Any CPU
		{8BCD9F70-FA86-4942-BDAD-354B8180C456}.Release|Mixed Platforms.ActiveCfg = Release|Any CPU
		{8BCD9F70-FA86-4942-BDAD-354B8180C456}.Release|Mixed Platforms.Build.0 = Release|Any CPU
		{8BCD9F70-FA86-4942-BDAD-354B8180C456}.Release|x86.ActiveCfg = Release|Any CPU
		{1C175073-AB5E-4855-9AAA-2B7F97A2EB12}.Debug|Any CPU.ActiveCfg = Debug|Any CPU
		{1C175073-AB5E-4855-9AAA-2B7F97A2EB12}.Debug|Any CPU.Build.0 = Debug|Any CPU
		{1C175073-AB5E-4855-9AAA-2B7F97A2EB12}.Debug|Mixed Platforms.ActiveCfg = Debug|Any CPU
		{1C175073-AB5E-4855-9AAA-2B7F97A2EB12}.Debug|Mixed Platforms.Build.0 = Debug|Any CPU
		{1C175073-AB5E-4855-9AAA-2B7F97A2EB12}.Debug|x86.ActiveCfg = Debug|Any CPU
		{1C175073-AB5E-4855-9AAA-2B7F97A2EB12}.Release|Any CPU.ActiveCfg = Release|Any CPU
		{1C175073-AB5E-4855-9AAA-2B7F97A2EB12}.Release|Any CPU.Build.0 = Release|Any CPU
		{1C175073-AB5E-4855-9AAA-2B7F97A2EB12}.Release|Mixed Platforms.ActiveCfg = Release|Any CPU
		{1C175073-AB5E-4855-9AAA-2B7F97A2EB12}.Release|Mixed Platforms.Build.0 = Release|Any CPU
		{1C175073-AB5E-4855-9AAA-2B7F97A2EB12}.Release|x86.ActiveCfg = Release|Any CPU
		{D94ABEFB-6794-437E-9FB2-E7D569FFFB0C}.Debug|Any CPU.ActiveCfg = Debug|Any CPU
		{D94ABEFB-6794-437E-9FB2-E7D569FFFB0C}.Debug|Any CPU.Build.0 = Debug|Any CPU
		{D94ABEFB-6794-437E-9FB2-E7D569FFFB0C}.Debug|Mixed Platforms.ActiveCfg = Debug|Any CPU
		{D94ABEFB-6794-437E-9FB2-E7D569FFFB0C}.Debug|Mixed Platforms.Build.0 = Debug|Any CPU
		{D94ABEFB-6794-437E-9FB2-E7D569FFFB0C}.Debug|x86.ActiveCfg = Debug|Any CPU
		{D94ABEFB-6794-437E-9FB2-E7D569FFFB0C}.Release|Any CPU.ActiveCfg = Release|Any CPU
		{D94ABEFB-6794-437E-9FB2-E7D569FFFB0C}.Release|Any CPU.Build.0 = Release|Any CPU
		{D94ABEFB-6794-437E-9FB2-E7D569FFFB0C}.Release|Mixed Platforms.ActiveCfg = Release|Any CPU
		{D94ABEFB-6794-437E-9FB2-E7D569FFFB0C}.Release|Mixed Platforms.Build.0 = Release|Any CPU
		{D94ABEFB-6794-437E-9FB2-E7D569FFFB0C}.Release|x86.ActiveCfg = Release|Any CPU
	EndGlobalSection
	GlobalSection(SolutionProperties) = preSolution
		HideSolutionNode = FALSE
	EndGlobalSection
EndGlobal
